// !$*UTF8*$!
{
	archiveVersion = 1;
	classes = {
	};
	objectVersion = 46;
	objects = {

/* Begin PBXBuildFile section */
		0834009E0B3D0B590A4B6B54 /* Pods_EnglishGuess.framework in Frameworks */ = {isa = PBXBuildFile; fileRef = CBA41C50DF7A4D75BBDA8503 /* Pods_EnglishGuess.framework */; };
		610801EB1E6E9DF300E2EA33 /* Recording.swift in Sources */ = {isa = PBXBuildFile; fileRef = 610801EA1E6E9DF300E2EA33 /* Recording.swift */; };
		610801ED1E6ED61B00E2EA33 /* TopicCell.swift in Sources */ = {isa = PBXBuildFile; fileRef = 610801EC1E6ED61B00E2EA33 /* TopicCell.swift */; };
		610801F01E6ED70400E2EA33 /* FilterHeader.swift in Sources */ = {isa = PBXBuildFile; fileRef = 610801EF1E6ED70400E2EA33 /* FilterHeader.swift */; };
		610801F21E6F130400E2EA33 /* AnsweringViewController.swift in Sources */ = {isa = PBXBuildFile; fileRef = 610801F11E6F130400E2EA33 /* AnsweringViewController.swift */; };
		6155DB041E712F2E00E21190 /* UserFilesViewController.swift in Sources */ = {isa = PBXBuildFile; fileRef = 6155DB031E712F2E00E21190 /* UserFilesViewController.swift */; };
		6155DB061E71302800E21190 /* RecordingCell.swift in Sources */ = {isa = PBXBuildFile; fileRef = 6155DB051E71302800E21190 /* RecordingCell.swift */; };
		6155DB081E71A5B700E21190 /* StoreKit.framework in Frameworks */ = {isa = PBXBuildFile; fileRef = 6155DB071E71A5B700E21190 /* StoreKit.framework */; };
		6155DB0A1E71A6AE00E21190 /* EnglishGuessVIP.swift in Sources */ = {isa = PBXBuildFile; fileRef = 6155DB091E71A6AE00E21190 /* EnglishGuessVIP.swift */; };
		6155DB0C1E71A74F00E21190 /* IAPHelper.swift in Sources */ = {isa = PBXBuildFile; fileRef = 6155DB0B1E71A74F00E21190 /* IAPHelper.swift */; };
		6155DB101E727CF700E21190 /* HomeVC+IAP.swift in Sources */ = {isa = PBXBuildFile; fileRef = 6155DB0F1E727CF700E21190 /* HomeVC+IAP.swift */; };
		6155DB121E72D47900E21190 /* numberOfQLabel+admob.swift in Sources */ = {isa = PBXBuildFile; fileRef = 6155DB111E72D47900E21190 /* numberOfQLabel+admob.swift */; };
		6155DB141E73FDCE00E21190 /* Topic.swift in Sources */ = {isa = PBXBuildFile; fileRef = 6155DB131E73FDCE00E21190 /* Topic.swift */; };
		6155DB161E75776E00E21190 /* UserAgreement.swift in Sources */ = {isa = PBXBuildFile; fileRef = 6155DB151E75776E00E21190 /* UserAgreement.swift */; };
		6155DB181E790D3C00E21190 /* AdsFooter.swift in Sources */ = {isa = PBXBuildFile; fileRef = 6155DB171E790D3C00E21190 /* AdsFooter.swift */; };
		61806B461E6D475000DFF905 /* UsefulExtension.swift in Sources */ = {isa = PBXBuildFile; fileRef = 61806B451E6D475000DFF905 /* UsefulExtension.swift */; };
		61806B481E6D4A1800DFF905 /* Assets.xcassets in Resources */ = {isa = PBXBuildFile; fileRef = 61806B471E6D4A1800DFF905 /* Assets.xcassets */; };
		61806B4B1E6D56D400DFF905 /* User.swift in Sources */ = {isa = PBXBuildFile; fileRef = 61806B4A1E6D56D400DFF905 /* User.swift */; };
		61806B4E1E6DC21600DFF905 /* RecordViewController.swift in Sources */ = {isa = PBXBuildFile; fileRef = 61806B4D1E6DC21600DFF905 /* RecordViewController.swift */; };
		61806B501E6DC29A00DFF905 /* QuestionViewController.swift in Sources */ = {isa = PBXBuildFile; fileRef = 61806B4F1E6DC29A00DFF905 /* QuestionViewController.swift */; };
		619FD65C1E705D6D00AB8E5C /* MenuLauncher.swift in Sources */ = {isa = PBXBuildFile; fileRef = 619FD65B1E705D6D00AB8E5C /* MenuLauncher.swift */; };
		61E9A17A1E6D252200194D01 /* AppDelegate.swift in Sources */ = {isa = PBXBuildFile; fileRef = 61E9A1791E6D252200194D01 /* AppDelegate.swift */; };
		61E9A17C1E6D252200194D01 /* HomeViewController.swift in Sources */ = {isa = PBXBuildFile; fileRef = 61E9A17B1E6D252200194D01 /* HomeViewController.swift */; };
		61E9A1841E6D252200194D01 /* LaunchScreen.storyboard in Resources */ = {isa = PBXBuildFile; fileRef = 61E9A1821E6D252200194D01 /* LaunchScreen.storyboard */; };
		61E9A18C1E6D2CA900194D01 /* GoogleService-Info.plist in Resources */ = {isa = PBXBuildFile; fileRef = 61E9A18B1E6D2CA900194D01 /* GoogleService-Info.plist */; };
		61E9A18E1E6D2D6E00194D01 /* LoginViewController.swift in Sources */ = {isa = PBXBuildFile; fileRef = 61E9A18D1E6D2D6E00194D01 /* LoginViewController.swift */; };
/* End PBXBuildFile section */

/* Begin PBXFileReference section */
		56D5BBD5D0632D2677265481 /* Pods-EnglishGuess.release.xcconfig */ = {isa = PBXFileReference; includeInIndex = 1; lastKnownFileType = text.xcconfig; name = "Pods-EnglishGuess.release.xcconfig"; path = "Pods/Target Support Files/Pods-EnglishGuess/Pods-EnglishGuess.release.xcconfig"; sourceTree = "<group>"; };
		610801EA1E6E9DF300E2EA33 /* Recording.swift */ = {isa = PBXFileReference; fileEncoding = 4; lastKnownFileType = sourcecode.swift; path = Recording.swift; sourceTree = "<group>"; };
		610801EC1E6ED61B00E2EA33 /* TopicCell.swift */ = {isa = PBXFileReference; fileEncoding = 4; lastKnownFileType = sourcecode.swift; path = TopicCell.swift; sourceTree = "<group>"; };
		610801EF1E6ED70400E2EA33 /* FilterHeader.swift */ = {isa = PBXFileReference; fileEncoding = 4; lastKnownFileType = sourcecode.swift; path = FilterHeader.swift; sourceTree = "<group>"; };
		610801F11E6F130400E2EA33 /* AnsweringViewController.swift */ = {isa = PBXFileReference; fileEncoding = 4; lastKnownFileType = sourcecode.swift; path = AnsweringViewController.swift; sourceTree = "<group>"; };
		6155DB031E712F2E00E21190 /* UserFilesViewController.swift */ = {isa = PBXFileReference; fileEncoding = 4; lastKnownFileType = sourcecode.swift; path = UserFilesViewController.swift; sourceTree = "<group>"; };
		6155DB051E71302800E21190 /* RecordingCell.swift */ = {isa = PBXFileReference; fileEncoding = 4; lastKnownFileType = sourcecode.swift; path = RecordingCell.swift; sourceTree = "<group>"; };
		6155DB071E71A5B700E21190 /* StoreKit.framework */ = {isa = PBXFileReference; lastKnownFileType = wrapper.framework; name = StoreKit.framework; path = System/Library/Frameworks/StoreKit.framework; sourceTree = SDKROOT; };
		6155DB091E71A6AE00E21190 /* EnglishGuessVIP.swift */ = {isa = PBXFileReference; fileEncoding = 4; lastKnownFileType = sourcecode.swift; path = EnglishGuessVIP.swift; sourceTree = "<group>"; };
		6155DB0B1E71A74F00E21190 /* IAPHelper.swift */ = {isa = PBXFileReference; fileEncoding = 4; lastKnownFileType = sourcecode.swift; path = IAPHelper.swift; sourceTree = "<group>"; };
		6155DB0F1E727CF700E21190 /* HomeVC+IAP.swift */ = {isa = PBXFileReference; fileEncoding = 4; lastKnownFileType = sourcecode.swift; path = "HomeVC+IAP.swift"; sourceTree = "<group>"; };
		6155DB111E72D47900E21190 /* numberOfQLabel+admob.swift */ = {isa = PBXFileReference; fileEncoding = 4; lastKnownFileType = sourcecode.swift; path = "numberOfQLabel+admob.swift"; sourceTree = "<group>"; };
		6155DB131E73FDCE00E21190 /* Topic.swift */ = {isa = PBXFileReference; fileEncoding = 4; lastKnownFileType = sourcecode.swift; path = Topic.swift; sourceTree = "<group>"; };
		6155DB151E75776E00E21190 /* UserAgreement.swift */ = {isa = PBXFileReference; fileEncoding = 4; lastKnownFileType = sourcecode.swift; path = UserAgreement.swift; sourceTree = "<group>"; };
		6155DB171E790D3C00E21190 /* AdsFooter.swift */ = {isa = PBXFileReference; fileEncoding = 4; lastKnownFileType = sourcecode.swift; path = AdsFooter.swift; sourceTree = "<group>"; };
		61806B451E6D475000DFF905 /* UsefulExtension.swift */ = {isa = PBXFileReference; fileEncoding = 4; lastKnownFileType = sourcecode.swift; path = UsefulExtension.swift; sourceTree = "<group>"; };
		61806B471E6D4A1800DFF905 /* Assets.xcassets */ = {isa = PBXFileReference; lastKnownFileType = folder.assetcatalog; path = Assets.xcassets; sourceTree = "<group>"; };
		61806B4A1E6D56D400DFF905 /* User.swift */ = {isa = PBXFileReference; fileEncoding = 4; lastKnownFileType = sourcecode.swift; path = User.swift; sourceTree = "<group>"; };
		61806B4D1E6DC21600DFF905 /* RecordViewController.swift */ = {isa = PBXFileReference; fileEncoding = 4; lastKnownFileType = sourcecode.swift; path = RecordViewController.swift; sourceTree = "<group>"; };
		61806B4F1E6DC29A00DFF905 /* QuestionViewController.swift */ = {isa = PBXFileReference; fileEncoding = 4; lastKnownFileType = sourcecode.swift; path = QuestionViewController.swift; sourceTree = "<group>"; };
		619FD65B1E705D6D00AB8E5C /* MenuLauncher.swift */ = {isa = PBXFileReference; fileEncoding = 4; lastKnownFileType = sourcecode.swift; path = MenuLauncher.swift; sourceTree = "<group>"; };
		61E9A1761E6D252200194D01 /* EnglishGuess.app */ = {isa = PBXFileReference; explicitFileType = wrapper.application; includeInIndex = 0; path = EnglishGuess.app; sourceTree = BUILT_PRODUCTS_DIR; };
		61E9A1791E6D252200194D01 /* AppDelegate.swift */ = {isa = PBXFileReference; lastKnownFileType = sourcecode.swift; path = AppDelegate.swift; sourceTree = "<group>"; };
		61E9A17B1E6D252200194D01 /* HomeViewController.swift */ = {isa = PBXFileReference; lastKnownFileType = sourcecode.swift; path = HomeViewController.swift; sourceTree = "<group>"; };
		61E9A1831E6D252200194D01 /* Base */ = {isa = PBXFileReference; lastKnownFileType = file.storyboard; name = Base; path = Base.lproj/LaunchScreen.storyboard; sourceTree = "<group>"; };
		61E9A1851E6D252200194D01 /* Info.plist */ = {isa = PBXFileReference; lastKnownFileType = text.plist.xml; path = Info.plist; sourceTree = "<group>"; };
		61E9A18B1E6D2CA900194D01 /* GoogleService-Info.plist */ = {isa = PBXFileReference; fileEncoding = 4; lastKnownFileType = text.plist.xml; path = "GoogleService-Info.plist"; sourceTree = "<group>"; };
		61E9A18D1E6D2D6E00194D01 /* LoginViewController.swift */ = {isa = PBXFileReference; fileEncoding = 4; lastKnownFileType = sourcecode.swift; path = LoginViewController.swift; sourceTree = "<group>"; };
		61E9A18F1E6D376300194D01 /* EnglishGuess.entitlements */ = {isa = PBXFileReference; lastKnownFileType = text.plist.entitlements; path = EnglishGuess.entitlements; sourceTree = "<group>"; };
		884FDC9027C4D547FE205702 /* Pods-EnglishGuess.debug.xcconfig */ = {isa = PBXFileReference; includeInIndex = 1; lastKnownFileType = text.xcconfig; name = "Pods-EnglishGuess.debug.xcconfig"; path = "Pods/Target Support Files/Pods-EnglishGuess/Pods-EnglishGuess.debug.xcconfig"; sourceTree = "<group>"; };
		CBA41C50DF7A4D75BBDA8503 /* Pods_EnglishGuess.framework */ = {isa = PBXFileReference; explicitFileType = wrapper.framework; includeInIndex = 0; path = Pods_EnglishGuess.framework; sourceTree = BUILT_PRODUCTS_DIR; };
/* End PBXFileReference section */

/* Begin PBXFrameworksBuildPhase section */
		61E9A1731E6D252200194D01 /* Frameworks */ = {
			isa = PBXFrameworksBuildPhase;
			buildActionMask = 2147483647;
			files = (
				0834009E0B3D0B590A4B6B54 /* Pods_EnglishGuess.framework in Frameworks */,
				6155DB081E71A5B700E21190 /* StoreKit.framework in Frameworks */,
			);
			runOnlyForDeploymentPostprocessing = 0;
		};
/* End PBXFrameworksBuildPhase section */

/* Begin PBXGroup section */
		610801EE1E6ED62200E2EA33 /* View */ = {
			isa = PBXGroup;
			children = (
				610801EC1E6ED61B00E2EA33 /* TopicCell.swift */,
				6155DB171E790D3C00E21190 /* AdsFooter.swift */,
				6155DB151E75776E00E21190 /* UserAgreement.swift */,
				610801EF1E6ED70400E2EA33 /* FilterHeader.swift */,
				6155DB051E71302800E21190 /* RecordingCell.swift */,
				6155DB111E72D47900E21190 /* numberOfQLabel+admob.swift */,
			);
			name = View;
			sourceTree = "<group>";
		};
		61806B491E6D56BB00DFF905 /* ViewController */ = {
			isa = PBXGroup;
			children = (
				61E9A17B1E6D252200194D01 /* HomeViewController.swift */,
				6155DB0F1E727CF700E21190 /* HomeVC+IAP.swift */,
				619FD65B1E705D6D00AB8E5C /* MenuLauncher.swift */,
				61806B4D1E6DC21600DFF905 /* RecordViewController.swift */,
				61806B4F1E6DC29A00DFF905 /* QuestionViewController.swift */,
				610801F11E6F130400E2EA33 /* AnsweringViewController.swift */,
				61E9A18D1E6D2D6E00194D01 /* LoginViewController.swift */,
				6155DB031E712F2E00E21190 /* UserFilesViewController.swift */,
			);
			name = ViewController;
			sourceTree = "<group>";
		};
		61806B4C1E6D56D900DFF905 /* Model */ = {
			isa = PBXGroup;
			children = (
				61806B4A1E6D56D400DFF905 /* User.swift */,
				6155DB091E71A6AE00E21190 /* EnglishGuessVIP.swift */,
				610801EA1E6E9DF300E2EA33 /* Recording.swift */,
				6155DB131E73FDCE00E21190 /* Topic.swift */,
			);
			name = Model;
			sourceTree = "<group>";
		};
		61E9A16D1E6D252200194D01 = {
			isa = PBXGroup;
			children = (
				61E9A1781E6D252200194D01 /* EnglishGuess */,
				61E9A1771E6D252200194D01 /* Products */,
				D0FA0801BF03779AD65CF8E5 /* Pods */,
				E374475B26ED65EC3E055B49 /* Frameworks */,
			);
			sourceTree = "<group>";
		};
		61E9A1771E6D252200194D01 /* Products */ = {
			isa = PBXGroup;
			children = (
				61E9A1761E6D252200194D01 /* EnglishGuess.app */,
			);
			name = Products;
			sourceTree = "<group>";
		};
		61E9A1781E6D252200194D01 /* EnglishGuess */ = {
			isa = PBXGroup;
			children = (
				61E9A18F1E6D376300194D01 /* EnglishGuess.entitlements */,
				61E9A1791E6D252200194D01 /* AppDelegate.swift */,
				61806B491E6D56BB00DFF905 /* ViewController */,
				61806B4C1E6D56D900DFF905 /* Model */,
				610801EE1E6ED62200E2EA33 /* View */,
				61E9A1821E6D252200194D01 /* LaunchScreen.storyboard */,
				61806B471E6D4A1800DFF905 /* Assets.xcassets */,
				6155DB0B1E71A74F00E21190 /* IAPHelper.swift */,
				61806B451E6D475000DFF905 /* UsefulExtension.swift */,
				61E9A1851E6D252200194D01 /* Info.plist */,
				61E9A18B1E6D2CA900194D01 /* GoogleService-Info.plist */,
			);
			path = EnglishGuess;
			sourceTree = "<group>";
		};
		D0FA0801BF03779AD65CF8E5 /* Pods */ = {
			isa = PBXGroup;
			children = (
				884FDC9027C4D547FE205702 /* Pods-EnglishGuess.debug.xcconfig */,
				56D5BBD5D0632D2677265481 /* Pods-EnglishGuess.release.xcconfig */,
			);
			name = Pods;
			sourceTree = "<group>";
		};
		E374475B26ED65EC3E055B49 /* Frameworks */ = {
			isa = PBXGroup;
			children = (
				6155DB071E71A5B700E21190 /* StoreKit.framework */,
				CBA41C50DF7A4D75BBDA8503 /* Pods_EnglishGuess.framework */,
			);
			name = Frameworks;
			sourceTree = "<group>";
		};
/* End PBXGroup section */

/* Begin PBXNativeTarget section */
		61E9A1751E6D252200194D01 /* EnglishGuess */ = {
			isa = PBXNativeTarget;
			buildConfigurationList = 61E9A1881E6D252200194D01 /* Build configuration list for PBXNativeTarget "EnglishGuess" */;
			buildPhases = (
				AE94C6A3A27A5EDF5223DE38 /* [CP] Check Pods Manifest.lock */,
				61E9A1721E6D252200194D01 /* Sources */,
				61E9A1731E6D252200194D01 /* Frameworks */,
				61E9A1741E6D252200194D01 /* Resources */,
				522CE6A14940F27E0A87F67C /* [CP] Embed Pods Frameworks */,
				DF38492369EAB02E38E3D7CD /* [CP] Copy Pods Resources */,
			);
			buildRules = (
			);
			dependencies = (
			);
			name = EnglishGuess;
			productName = EnglishGuess;
			productReference = 61E9A1761E6D252200194D01 /* EnglishGuess.app */;
			productType = "com.apple.product-type.application";
		};
/* End PBXNativeTarget section */

/* Begin PBXProject section */
		61E9A16E1E6D252200194D01 /* Project object */ = {
			isa = PBXProject;
			attributes = {
				LastSwiftUpdateCheck = 0820;
				LastUpgradeCheck = 0820;
				ORGANIZATIONNAME = "吳建豪";
				TargetAttributes = {
					61E9A1751E6D252200194D01 = {
						CreatedOnToolsVersion = 8.2.1;
						DevelopmentTeam = 4ANE8KXCD8;
						ProvisioningStyle = Automatic;
						SystemCapabilities = {
							com.apple.InAppPurchase = {
								enabled = 1;
							};
							com.apple.Keychain = {
								enabled = 1;
							};
						};
					};
				};
			};
			buildConfigurationList = 61E9A1711E6D252200194D01 /* Build configuration list for PBXProject "EnglishGuess" */;
			compatibilityVersion = "Xcode 3.2";
			developmentRegion = English;
			hasScannedForEncodings = 0;
			knownRegions = (
				en,
				Base,
			);
			mainGroup = 61E9A16D1E6D252200194D01;
			productRefGroup = 61E9A1771E6D252200194D01 /* Products */;
			projectDirPath = "";
			projectRoot = "";
			targets = (
				61E9A1751E6D252200194D01 /* EnglishGuess */,
			);
		};
/* End PBXProject section */

/* Begin PBXResourcesBuildPhase section */
		61E9A1741E6D252200194D01 /* Resources */ = {
			isa = PBXResourcesBuildPhase;
			buildActionMask = 2147483647;
			files = (
				61E9A1841E6D252200194D01 /* LaunchScreen.storyboard in Resources */,
				61806B481E6D4A1800DFF905 /* Assets.xcassets in Resources */,
				61E9A18C1E6D2CA900194D01 /* GoogleService-Info.plist in Resources */,
			);
			runOnlyForDeploymentPostprocessing = 0;
		};
/* End PBXResourcesBuildPhase section */

/* Begin PBXShellScriptBuildPhase section */
		522CE6A14940F27E0A87F67C /* [CP] Embed Pods Frameworks */ = {
			isa = PBXShellScriptBuildPhase;
			buildActionMask = 2147483647;
			files = (
			);
			inputPaths = (
			);
			name = "[CP] Embed Pods Frameworks";
			outputPaths = (
			);
			runOnlyForDeploymentPostprocessing = 0;
			shellPath = /bin/sh;
			shellScript = "\"${SRCROOT}/Pods/Target Support Files/Pods-EnglishGuess/Pods-EnglishGuess-frameworks.sh\"\n";
			showEnvVarsInLog = 0;
		};
		AE94C6A3A27A5EDF5223DE38 /* [CP] Check Pods Manifest.lock */ = {
			isa = PBXShellScriptBuildPhase;
			buildActionMask = 2147483647;
			files = (
			);
			inputPaths = (
			);
			name = "[CP] Check Pods Manifest.lock";
			outputPaths = (
			);
			runOnlyForDeploymentPostprocessing = 0;
			shellPath = /bin/sh;
			shellScript = "diff \"${PODS_ROOT}/../Podfile.lock\" \"${PODS_ROOT}/Manifest.lock\" > /dev/null\nif [ $? != 0 ] ; then\n    # print error to STDERR\n    echo \"error: The sandbox is not in sync with the Podfile.lock. Run 'pod install' or update your CocoaPods installation.\" >&2\n    exit 1\nfi\n";
			showEnvVarsInLog = 0;
		};
		DF38492369EAB02E38E3D7CD /* [CP] Copy Pods Resources */ = {
			isa = PBXShellScriptBuildPhase;
			buildActionMask = 2147483647;
			files = (
			);
			inputPaths = (
			);
			name = "[CP] Copy Pods Resources";
			outputPaths = (
			);
			runOnlyForDeploymentPostprocessing = 0;
			shellPath = /bin/sh;
			shellScript = "\"${SRCROOT}/Pods/Target Support Files/Pods-EnglishGuess/Pods-EnglishGuess-resources.sh\"\n";
			showEnvVarsInLog = 0;
		};
/* End PBXShellScriptBuildPhase section */

/* Begin PBXSourcesBuildPhase section */
		61E9A1721E6D252200194D01 /* Sources */ = {
			isa = PBXSourcesBuildPhase;
			buildActionMask = 2147483647;
			files = (
				61E9A18E1E6D2D6E00194D01 /* LoginViewController.swift in Sources */,
				6155DB041E712F2E00E21190 /* UserFilesViewController.swift in Sources */,
				61806B461E6D475000DFF905 /* UsefulExtension.swift in Sources */,
				6155DB141E73FDCE00E21190 /* Topic.swift in Sources */,
				610801F01E6ED70400E2EA33 /* FilterHeader.swift in Sources */,
				6155DB0C1E71A74F00E21190 /* IAPHelper.swift in Sources */,
				610801F21E6F130400E2EA33 /* AnsweringViewController.swift in Sources */,
				6155DB101E727CF700E21190 /* HomeVC+IAP.swift in Sources */,
				6155DB061E71302800E21190 /* RecordingCell.swift in Sources */,
				6155DB181E790D3C00E21190 /* AdsFooter.swift in Sources */,
				619FD65C1E705D6D00AB8E5C /* MenuLauncher.swift in Sources */,
				61806B501E6DC29A00DFF905 /* QuestionViewController.swift in Sources */,
				61E9A17C1E6D252200194D01 /* HomeViewController.swift in Sources */,
				61806B4B1E6D56D400DFF905 /* User.swift in Sources */,
				6155DB161E75776E00E21190 /* UserAgreement.swift in Sources */,
				61E9A17A1E6D252200194D01 /* AppDelegate.swift in Sources */,
				610801EB1E6E9DF300E2EA33 /* Recording.swift in Sources */,
				6155DB121E72D47900E21190 /* numberOfQLabel+admob.swift in Sources */,
				610801ED1E6ED61B00E2EA33 /* TopicCell.swift in Sources */,
				6155DB0A1E71A6AE00E21190 /* EnglishGuessVIP.swift in Sources */,
				61806B4E1E6DC21600DFF905 /* RecordViewController.swift in Sources */,
			);
			runOnlyForDeploymentPostprocessing = 0;
		};
/* End PBXSourcesBuildPhase section */

/* Begin PBXVariantGroup section */
		61E9A1821E6D252200194D01 /* LaunchScreen.storyboard */ = {
			isa = PBXVariantGroup;
			children = (
				61E9A1831E6D252200194D01 /* Base */,
			);
			name = LaunchScreen.storyboard;
			sourceTree = "<group>";
		};
/* End PBXVariantGroup section */

/* Begin XCBuildConfiguration section */
		61E9A1861E6D252200194D01 /* Debug */ = {
			isa = XCBuildConfiguration;
			buildSettings = {
				ALWAYS_SEARCH_USER_PATHS = NO;
				CLANG_ANALYZER_NONNULL = YES;
				CLANG_CXX_LANGUAGE_STANDARD = "gnu++0x";
				CLANG_CXX_LIBRARY = "libc++";
				CLANG_ENABLE_MODULES = YES;
				CLANG_ENABLE_OBJC_ARC = YES;
				CLANG_WARN_BOOL_CONVERSION = YES;
				CLANG_WARN_CONSTANT_CONVERSION = YES;
				CLANG_WARN_DIRECT_OBJC_ISA_USAGE = YES_ERROR;
				CLANG_WARN_DOCUMENTATION_COMMENTS = YES;
				CLANG_WARN_EMPTY_BODY = YES;
				CLANG_WARN_ENUM_CONVERSION = YES;
				CLANG_WARN_INFINITE_RECURSION = YES;
				CLANG_WARN_INT_CONVERSION = YES;
				CLANG_WARN_OBJC_ROOT_CLASS = YES_ERROR;
				CLANG_WARN_SUSPICIOUS_MOVE = YES;
				CLANG_WARN_UNREACHABLE_CODE = YES;
				CLANG_WARN__DUPLICATE_METHOD_MATCH = YES;
				"CODE_SIGN_IDENTITY[sdk=iphoneos*]" = "iPhone Developer";
				COPY_PHASE_STRIP = NO;
				DEBUG_INFORMATION_FORMAT = dwarf;
				ENABLE_STRICT_OBJC_MSGSEND = YES;
				ENABLE_TESTABILITY = YES;
				GCC_C_LANGUAGE_STANDARD = gnu99;
				GCC_DYNAMIC_NO_PIC = NO;
				GCC_NO_COMMON_BLOCKS = YES;
				GCC_OPTIMIZATION_LEVEL = 0;
				GCC_PREPROCESSOR_DEFINITIONS = (
					"DEBUG=1",
					"$(inherited)",
				);
				GCC_WARN_64_TO_32_BIT_CONVERSION = YES;
				GCC_WARN_ABOUT_RETURN_TYPE = YES_ERROR;
				GCC_WARN_UNDECLARED_SELECTOR = YES;
				GCC_WARN_UNINITIALIZED_AUTOS = YES_AGGRESSIVE;
				GCC_WARN_UNUSED_FUNCTION = YES;
				GCC_WARN_UNUSED_VARIABLE = YES;
				IPHONEOS_DEPLOYMENT_TARGET = 9.1;
				MTL_ENABLE_DEBUG_INFO = YES;
				ONLY_ACTIVE_ARCH = YES;
				SDKROOT = iphoneos;
				SWIFT_ACTIVE_COMPILATION_CONDITIONS = DEBUG;
				SWIFT_OPTIMIZATION_LEVEL = "-Onone";
			};
			name = Debug;
		};
		61E9A1871E6D252200194D01 /* Release */ = {
			isa = XCBuildConfiguration;
			buildSettings = {
				ALWAYS_SEARCH_USER_PATHS = NO;
				CLANG_ANALYZER_NONNULL = YES;
				CLANG_CXX_LANGUAGE_STANDARD = "gnu++0x";
				CLANG_CXX_LIBRARY = "libc++";
				CLANG_ENABLE_MODULES = YES;
				CLANG_ENABLE_OBJC_ARC = YES;
				CLANG_WARN_BOOL_CONVERSION = YES;
				CLANG_WARN_CONSTANT_CONVERSION = YES;
				CLANG_WARN_DIRECT_OBJC_ISA_USAGE = YES_ERROR;
				CLANG_WARN_DOCUMENTATION_COMMENTS = YES;
				CLANG_WARN_EMPTY_BODY = YES;
				CLANG_WARN_ENUM_CONVERSION = YES;
				CLANG_WARN_INFINITE_RECURSION = YES;
				CLANG_WARN_INT_CONVERSION = YES;
				CLANG_WARN_OBJC_ROOT_CLASS = YES_ERROR;
				CLANG_WARN_SUSPICIOUS_MOVE = YES;
				CLANG_WARN_UNREACHABLE_CODE = YES;
				CLANG_WARN__DUPLICATE_METHOD_MATCH = YES;
				"CODE_SIGN_IDENTITY[sdk=iphoneos*]" = "iPhone Developer";
				COPY_PHASE_STRIP = NO;
				DEBUG_INFORMATION_FORMAT = "dwarf-with-dsym";
				ENABLE_NS_ASSERTIONS = NO;
				ENABLE_STRICT_OBJC_MSGSEND = YES;
				GCC_C_LANGUAGE_STANDARD = gnu99;
				GCC_NO_COMMON_BLOCKS = YES;
				GCC_WARN_64_TO_32_BIT_CONVERSION = YES;
				GCC_WARN_ABOUT_RETURN_TYPE = YES_ERROR;
				GCC_WARN_UNDECLARED_SELECTOR = YES;
				GCC_WARN_UNINITIALIZED_AUTOS = YES_AGGRESSIVE;
				GCC_WARN_UNUSED_FUNCTION = YES;
				GCC_WARN_UNUSED_VARIABLE = YES;
				IPHONEOS_DEPLOYMENT_TARGET = 9.1;
				MTL_ENABLE_DEBUG_INFO = NO;
				SDKROOT = iphoneos;
				SWIFT_OPTIMIZATION_LEVEL = "-Owholemodule";
				VALIDATE_PRODUCT = YES;
			};
			name = Release;
		};
		61E9A1891E6D252200194D01 /* Debug */ = {
			isa = XCBuildConfiguration;
			baseConfigurationReference = 884FDC9027C4D547FE205702 /* Pods-EnglishGuess.debug.xcconfig */;
			buildSettings = {
				ASSETCATALOG_COMPILER_APPICON_NAME = AppIcon;
				CODE_SIGN_ENTITLEMENTS = EnglishGuess/EnglishGuess.entitlements;
				DEVELOPMENT_TEAM = 4ANE8KXCD8;
				INFOPLIST_FILE = EnglishGuess/Info.plist;
				IPHONEOS_DEPLOYMENT_TARGET = 9.1;
				LD_RUNPATH_SEARCH_PATHS = "$(inherited) @executable_path/Frameworks";
				PRODUCT_BUNDLE_IDENTIFIER = "com.vanness-wu.EnglishGuess";
				PRODUCT_NAME = "$(TARGET_NAME)";
				SWIFT_VERSION = 3.0;
			};
			name = Debug;
		};
		61E9A18A1E6D252200194D01 /* Release */ = {
			isa = XCBuildConfiguration;
			baseConfigurationReference = 56D5BBD5D0632D2677265481 /* Pods-EnglishGuess.release.xcconfig */;
			buildSettings = {
				ASSETCATALOG_COMPILER_APPICON_NAME = AppIcon;
				CODE_SIGN_ENTITLEMENTS = EnglishGuess/EnglishGuess.entitlements;
				DEVELOPMENT_TEAM = 4ANE8KXCD8;
				INFOPLIST_FILE = EnglishGuess/Info.plist;
				IPHONEOS_DEPLOYMENT_TARGET = 9.1;
				LD_RUNPATH_SEARCH_PATHS = "$(inherited) @executable_path/Frameworks";
				PRODUCT_BUNDLE_IDENTIFIER = "com.vanness-wu.EnglishGuess";
				PRODUCT_NAME = "$(TARGET_NAME)";
				SWIFT_VERSION = 3.0;
			};
			name = Release;
		};
/* End XCBuildConfiguration section */

/* Begin XCConfigurationList section */
		61E9A1711E6D252200194D01 /* Build configuration list for PBXProject "EnglishGuess" */ = {
			isa = XCConfigurationList;
			buildConfigurations = (
				61E9A1861E6D252200194D01 /* Debug */,
				61E9A1871E6D252200194D01 /* Release */,
			);
			defaultConfigurationIsVisible = 0;
			defaultConfigurationName = Release;
		};
		61E9A1881E6D252200194D01 /* Build configuration list for PBXNativeTarget "EnglishGuess" */ = {
			isa = XCConfigurationList;
			buildConfigurations = (
				61E9A1891E6D252200194D01 /* Debug */,
				61E9A18A1E6D252200194D01 /* Release */,
			);
			defaultConfigurationIsVisible = 0;
			defaultConfigurationName = Release;
		};
/* End XCConfigurationList section */
	};
	rootObject = 61E9A16E1E6D252200194D01 /* Project object */;
}
